PODS:
  - Alamofire (4.4.0)
  - ESTabBarController-swift (2.4)
  - Kanna (2.1.1)
  - M13Checkbox (3.1.3)
  - pop (1.0.10)
  - QRCode (2.0)
  - SwiftyJSON (3.1.4)

DEPENDENCIES:
  - Alamofire (~> 4.4)
  - ESTabBarController-swift
  - Kanna (~> 2.1.0)
  - M13Checkbox
  - pop
  - QRCode
  - SwiftyJSON

SPEC CHECKSUMS:
  Alamofire: dc44b1600b800eb63da6a19039a0083d62a6a62d
  ESTabBarController-swift: af496895039ba10ae60bf825473c45f23fc5c8b6
  Kanna: 9b4b086c218703f2b94f5b21a466217dd2f9332e
  M13Checkbox: c132a7e0eb964731855eff67b883a0b21b7c0977
  pop: 82ca6b068ce9278fd350fd9dd09482a0ce9492e6
  QRCode: f98a1886c8f37523704a7512a4c0cd45b34c18a4
  SwiftyJSON: c2842d878f95482ffceec5709abc3d05680c0220

PODFILE CHECKSUM: 7bc760ca791188ae4f8b9194578e1a9b88ea76c2

COCOAPODS: 1.2.1
